
Microsoft Visual Studio Solution File, Format Version 12.00
# Visual Studio Version 16
VisualStudioVersion = 16.0.32407.337
MinimumVisualStudioVersion = 10.0.40219.1
Project("{2150E333-8FDC-42A3-9474-1A3956D46DE8}") = "Services", "Services", "{DFD62957-02CD-43BD-8E9D-D81CBC669631}"
EndProject
Project("{2150E333-8FDC-42A3-9474-1A3956D46DE8}") = "Catalog", "Catalog", "{7632B401-A7A4-49A9-8E0F-0B7BB2C38EA4}"
EndProject
Project("{9A19103F-16F7-4668-BE54-9A1E7A4F7556}") = "Catalog.API", "Services\Catalog\Catalog.API\Catalog.API.csproj", "{34702AAB-D8C3-4BFD-BCD9-D6A183C71C66}"
EndProject
Project("{E53339B2-1760-4266-BCC7-CA923CBCF16C}") = "docker-compose", "docker-compose.dcproj", "{CA700150-027A-400B-8DAB-00C488C8B894}"
EndProject
Global
	GlobalSection(SolutionConfigurationPlatforms) = preSolution
		Debug|Any CPU = Debug|Any CPU
		Release|Any CPU = Release|Any CPU
	EndGlobalSection
	GlobalSection(ProjectConfigurationPlatforms) = postSolution
		{34702AAB-D8C3-4BFD-BCD9-D6A183C71C66}.Debug|Any CPU.ActiveCfg = Debug|Any CPU
		{34702AAB-D8C3-4BFD-BCD9-D6A183C71C66}.Debug|Any CPU.Build.0 = Debug|Any CPU
		{34702AAB-D8C3-4BFD-BCD9-D6A183C71C66}.Release|Any CPU.ActiveCfg = Release|Any CPU
		{34702AAB-D8C3-4BFD-BCD9-D6A183C71C66}.Release|Any CPU.Build.0 = Release|Any CPU
		{CA700150-027A-400B-8DAB-00C488C8B894}.Debug|Any CPU.ActiveCfg = Debug|Any CPU
		{CA700150-027A-400B-8DAB-00C488C8B894}.Debug|Any CPU.Build.0 = Debug|Any CPU
		{CA700150-027A-400B-8DAB-00C488C8B894}.Release|Any CPU.ActiveCfg = Release|Any CPU
		{CA700150-027A-400B-8DAB-00C488C8B894}.Release|Any CPU.Build.0 = Release|Any CPU
	EndGlobalSection
	GlobalSection(SolutionProperties) = preSolution
		HideSolutionNode = FALSE
	EndGlobalSection
	GlobalSection(NestedProjects) = preSolution
		{7632B401-A7A4-49A9-8E0F-0B7BB2C38EA4} = {DFD62957-02CD-43BD-8E9D-D81CBC669631}
		{34702AAB-D8C3-4BFD-BCD9-D6A183C71C66} = {7632B401-A7A4-49A9-8E0F-0B7BB2C38EA4}
	EndGlobalSection
	GlobalSection(ExtensibilityGlobals) = postSolution
		SolutionGuid = {2F32EB93-1CDB-498F-B4B1-8D80E85BC0B7}
	EndGlobalSection
EndGlobal
